
Microsoft Visual Studio Solution File, Format Version 12.00
# Visual Studio Version 16
VisualStudioVersion = 16.0.29806.167
MinimumVisualStudioVersion = 10.0.40219.1
Project("{FAE04EC0-301F-11D3-BF4B-00C04F79EFBC}") = "RTL_ComboBoxSample.UWP", "RTL_ComboBoxSample.UWP\RTL_ComboBoxSample.UWP.csproj", "{4568AA61-5774-4DF6-BBC7-389A11ED1BEA}"
EndProject
Project("{FAE04EC0-301F-11D3-BF4B-00C04F79EFBC}") = "RTL_ComboBoxSample.Android", "RTL_ComboBoxSample.Android\RTL_ComboBoxSample.Android.csproj", "{6F5809AA-D395-4484-9790-3E38F0B8FAC0}"
EndProject
Project("{FAE04EC0-301F-11D3-BF4B-00C04F79EFBC}") = "RTL_ComboBoxSample.iOS", "RTL_ComboBoxSample.iOS\RTL_ComboBoxSample.iOS.csproj", "{0493EF5F-4FB8-4213-B6D4-0B1D50233837}"
EndProject
Project("{FAE04EC0-301F-11D3-BF4B-00C04F79EFBC}") = "RTL_ComboBoxSample", "RTL_ComboBoxSample\RTL_ComboBoxSample.csproj", "{0C2DA5B5-942B-4AE3-8E49-6FE881C548DE}"
EndProject
Global
	GlobalSection(SolutionConfigurationPlatforms) = preSolution
		Debug|Any CPU = Debug|Any CPU
		Debug|ARM = Debug|ARM
		Debug|iPhone = Debug|iPhone
		Debug|iPhoneSimulator = Debug|iPhoneSimulator
		Debug|x64 = Debug|x64
		Debug|x86 = Debug|x86
		Release|Any CPU = Release|Any CPU
		Release|ARM = Release|ARM
		Release|iPhone = Release|iPhone
		Release|iPhoneSimulator = Release|iPhoneSimulator
		Release|x64 = Release|x64
		Release|x86 = Release|x86
	EndGlobalSection
	GlobalSection(ProjectConfigurationPlatforms) = postSolution
		{4568AA61-5774-4DF6-BBC7-389A11ED1BEA}.Debug|Any CPU.ActiveCfg = Debug|x86
		{4568AA61-5774-4DF6-BBC7-389A11ED1BEA}.Debug|Any CPU.Build.0 = Debug|x86
		{4568AA61-5774-4DF6-BBC7-389A11ED1BEA}.Debug|Any CPU.Deploy.0 = Debug|x86
		{4568AA61-5774-4DF6-BBC7-389A11ED1BEA}.Debug|ARM.ActiveCfg = Debug|ARM
		{4568AA61-5774-4DF6-BBC7-389A11ED1BEA}.Debug|ARM.Build.0 = Debug|ARM
		{4568AA61-5774-4DF6-BBC7-389A11ED1BEA}.Debug|ARM.Deploy.0 = Debug|ARM
		{4568AA61-5774-4DF6-BBC7-389A11ED1BEA}.Debug|iPhone.ActiveCfg = Debug|x86
		{4568AA61-5774-4DF6-BBC7-389A11ED1BEA}.Debug|iPhone.Build.0 = Debug|x86
		{4568AA61-5774-4DF6-BBC7-389A11ED1BEA}.Debug|iPhone.Deploy.0 = Debug|x86
		{4568AA61-5774-4DF6-BBC7-389A11ED1BEA}.Debug|iPhoneSimulator.ActiveCfg = Debug|x86
		{4568AA61-5774-4DF6-BBC7-389A11ED1BEA}.Debug|iPhoneSimulator.Build.0 = Debug|x86
		{4568AA61-5774-4DF6-BBC7-389A11ED1BEA}.Debug|iPhoneSimulator.Deploy.0 = Debug|x86
		{4568AA61-5774-4DF6-BBC7-389A11ED1BEA}.Debug|x64.ActiveCfg = Debug|x64
		{4568AA61-5774-4DF6-BBC7-389A11ED1BEA}.Debug|x64.Build.0 = Debug|x64
		{4568AA61-5774-4DF6-BBC7-389A11ED1BEA}.Debug|x64.Deploy.0 = Debug|x64
		{4568AA61-5774-4DF6-BBC7-389A11ED1BEA}.Debug|x86.ActiveCfg = Debug|x86
		{4568AA61-5774-4DF6-BBC7-389A11ED1BEA}.Debug|x86.Build.0 = Debug|x86
		{4568AA61-5774-4DF6-BBC7-389A11ED1BEA}.Debug|x86.Deploy.0 = Debug|x86
		{4568AA61-5774-4DF6-BBC7-389A11ED1BEA}.Release|Any CPU.ActiveCfg = Release|x86
		{4568AA61-5774-4DF6-BBC7-389A11ED1BEA}.Release|Any CPU.Build.0 = Release|x86
		{4568AA61-5774-4DF6-BBC7-389A11ED1BEA}.Release|Any CPU.Deploy.0 = Release|x86
		{4568AA61-5774-4DF6-BBC7-389A11ED1BEA}.Release|ARM.ActiveCfg = Release|ARM
		{4568AA61-5774-4DF6-BBC7-389A11ED1BEA}.Release|ARM.Build.0 = Release|ARM
		{4568AA61-5774-4DF6-BBC7-389A11ED1BEA}.Release|ARM.Deploy.0 = Release|ARM
		{4568AA61-5774-4DF6-BBC7-389A11ED1BEA}.Release|iPhone.ActiveCfg = Release|x86
		{4568AA61-5774-4DF6-BBC7-389A11ED1BEA}.Release|iPhone.Build.0 = Release|x86
		{4568AA61-5774-4DF6-BBC7-389A11ED1BEA}.Release|iPhone.Deploy.0 = Release|x86
		{4568AA61-5774-4DF6-BBC7-389A11ED1BEA}.Release|iPhoneSimulator.ActiveCfg = Release|x86
		{4568AA61-5774-4DF6-BBC7-389A11ED1BEA}.Release|iPhoneSimulator.Build.0 = Release|x86
		{4568AA61-5774-4DF6-BBC7-389A11ED1BEA}.Release|iPhoneSimulator.Deploy.0 = Release|x86
		{4568AA61-5774-4DF6-BBC7-389A11ED1BEA}.Release|x64.ActiveCfg = Release|x64
		{4568AA61-5774-4DF6-BBC7-389A11ED1BEA}.Release|x64.Build.0 = Release|x64
		{4568AA61-5774-4DF6-BBC7-389A11ED1BEA}.Release|x64.Deploy.0 = Release|x64
		{4568AA61-5774-4DF6-BBC7-389A11ED1BEA}.Release|x86.ActiveCfg = Release|x86
		{4568AA61-5774-4DF6-BBC7-389A11ED1BEA}.Release|x86.Build.0 = Release|x86
		{4568AA61-5774-4DF6-BBC7-389A11ED1BEA}.Release|x86.Deploy.0 = Release|x86
		{6F5809AA-D395-4484-9790-3E38F0B8FAC0}.Debug|Any CPU.ActiveCfg = Debug|Any CPU
		{6F5809AA-D395-4484-9790-3E38F0B8FAC0}.Debug|Any CPU.Build.0 = Debug|Any CPU
		{6F5809AA-D395-4484-9790-3E38F0B8FAC0}.Debug|Any CPU.Deploy.0 = Debug|Any CPU
		{6F5809AA-D395-4484-9790-3E38F0B8FAC0}.Debug|ARM.ActiveCfg = Debug|Any CPU
		{6F5809AA-D395-4484-9790-3E38F0B8FAC0}.Debug|ARM.Build.0 = Debug|Any CPU
		{6F5809AA-D395-4484-9790-3E38F0B8FAC0}.Debug|ARM.Deploy.0 = Debug|Any CPU
		{6F5809AA-D395-4484-9790-3E38F0B8FAC0}.Debug|iPhone.ActiveCfg = Debug|Any CPU
		{6F5809AA-D395-4484-9790-3E38F0B8FAC0}.Debug|iPhone.Build.0 = Debug|Any CPU
		{6F5809AA-D395-4484-9790-3E38F0B8FAC0}.Debug|iPhone.Deploy.0 = Debug|Any CPU
		{6F5809AA-D395-4484-9790-3E38F0B8FAC0}.Debug|iPhoneSimulator.ActiveCfg = Debug|Any CPU
		{6F5809AA-D395-4484-9790-3E38F0B8FAC0}.Debug|iPhoneSimulator.Build.0 = Debug|Any CPU
		{6F5809AA-D395-4484-9790-3E38F0B8FAC0}.Debug|iPhoneSimulator.Deploy.0 = Debug|Any CPU
		{6F5809AA-D395-4484-9790-3E38F0B8FAC0}.Debug|x64.ActiveCfg = Debug|Any CPU
		{6F5809AA-D395-4484-9790-3E38F0B8FAC0}.Debug|x64.Build.0 = Debug|Any CPU
		{6F5809AA-D395-4484-9790-3E38F0B8FAC0}.Debug|x64.Deploy.0 = Debug|Any CPU
		{6F5809AA-D395-4484-9790-3E38F0B8FAC0}.Debug|x86.ActiveCfg = Debug|Any CPU
		{6F5809AA-D395-4484-9790-3E38F0B8FAC0}.Debug|x86.Build.0 = Debug|Any CPU
		{6F5809AA-D395-4484-9790-3E38F0B8FAC0}.Debug|x86.Deploy.0 = Debug|Any CPU
		{6F5809AA-D395-4484-9790-3E38F0B8FAC0}.Release|Any CPU.ActiveCfg = Release|Any CPU
		{6F5809AA-D395-4484-9790-3E38F0B8FAC0}.Release|Any CPU.Build.0 = Release|Any CPU
		{6F5809AA-D395-4484-9790-3E38F0B8FAC0}.Release|Any CPU.Deploy.0 = Release|Any CPU
		{6F5809AA-D395-4484-9790-3E38F0B8FAC0}.Release|ARM.ActiveCfg = Release|Any CPU
		{6F5809AA-D395-4484-9790-3E38F0B8FAC0}.Release|ARM.Build.0 = Release|Any CPU
		{6F5809AA-D395-4484-9790-3E38F0B8FAC0}.Release|ARM.Deploy.0 = Release|Any CPU
		{6F5809AA-D395-4484-9790-3E38F0B8FAC0}.Release|iPhone.ActiveCfg = Release|Any CPU
		{6F5809AA-D395-4484-9790-3E38F0B8FAC0}.Release|iPhone.Build.0 = Release|Any CPU
		{6F5809AA-D395-4484-9790-3E38F0B8FAC0}.Release|iPhone.Deploy.0 = Release|Any CPU
		{6F5809AA-D395-4484-9790-3E38F0B8FAC0}.Release|iPhoneSimulator.ActiveCfg = Release|Any CPU
		{6F5809AA-D395-4484-9790-3E38F0B8FAC0}.Release|iPhoneSimulator.Build.0 = Release|Any CPU
		{6F5809AA-D395-4484-9790-3E38F0B8FAC0}.Release|iPhoneSimulator.Deploy.0 = Release|Any CPU
		{6F5809AA-D395-4484-9790-3E38F0B8FAC0}.Release|x64.ActiveCfg = Release|Any CPU
		{6F5809AA-D395-4484-9790-3E38F0B8FAC0}.Release|x64.Build.0 = Release|Any CPU
		{6F5809AA-D395-4484-9790-3E38F0B8FAC0}.Release|x64.Deploy.0 = Release|Any CPU
		{6F5809AA-D395-4484-9790-3E38F0B8FAC0}.Release|x86.ActiveCfg = Release|Any CPU
		{6F5809AA-D395-4484-9790-3E38F0B8FAC0}.Release|x86.Build.0 = Release|Any CPU
		{6F5809AA-D395-4484-9790-3E38F0B8FAC0}.Release|x86.Deploy.0 = Release|Any CPU
		{0493EF5F-4FB8-4213-B6D4-0B1D50233837}.Debug|Any CPU.ActiveCfg = Debug|iPhone
		{0493EF5F-4FB8-4213-B6D4-0B1D50233837}.Debug|Any CPU.Build.0 = Debug|iPhone
		{0493EF5F-4FB8-4213-B6D4-0B1D50233837}.Debug|Any CPU.Deploy.0 = Debug|iPhone
		{0493EF5F-4FB8-4213-B6D4-0B1D50233837}.Debug|ARM.ActiveCfg = Debug|iPhoneSimulator
		{0493EF5F-4FB8-4213-B6D4-0B1D50233837}.Debug|ARM.Build.0 = Debug|iPhoneSimulator
		{0493EF5F-4FB8-4213-B6D4-0B1D50233837}.Debug|ARM.Deploy.0 = Debug|iPhoneSimulator
		{0493EF5F-4FB8-4213-B6D4-0B1D50233837}.Debug|iPhone.ActiveCfg = Debug|iPhone
		{0493EF5F-4FB8-4213-B6D4-0B1D50233837}.Debug|iPhone.Build.0 = Debug|iPhone
		{0493EF5F-4FB8-4213-B6D4-0B1D50233837}.Debug|iPhone.Deploy.0 = Debug|iPhone
		{0493EF5F-4FB8-4213-B6D4-0B1D50233837}.Debug|iPhoneSimulator.ActiveCfg = Debug|iPhoneSimulator
		{0493EF5F-4FB8-4213-B6D4-0B1D50233837}.Debug|iPhoneSimulator.Build.0 = Debug|iPhoneSimulator
		{0493EF5F-4FB8-4213-B6D4-0B1D50233837}.Debug|iPhoneSimulator.Deploy.0 = Debug|iPhoneSimulator
		{0493EF5F-4FB8-4213-B6D4-0B1D50233837}.Debug|x64.ActiveCfg = Debug|iPhone
		{0493EF5F-4FB8-4213-B6D4-0B1D50233837}.Debug|x64.Build.0 = Debug|iPhone
		{0493EF5F-4FB8-4213-B6D4-0B1D50233837}.Debug|x64.Deploy.0 = Debug|iPhone
		{0493EF5F-4FB8-4213-B6D4-0B1D50233837}.Debug|x86.ActiveCfg = Debug|iPhone
		{0493EF5F-4FB8-4213-B6D4-0B1D50233837}.Debug|x86.Build.0 = Debug|iPhone
		{0493EF5F-4FB8-4213-B6D4-0B1D50233837}.Debug|x86.Deploy.0 = Debug|iPhone
		{0493EF5F-4FB8-4213-B6D4-0B1D50233837}.Release|Any CPU.ActiveCfg = Release|iPhone
		{0493EF5F-4FB8-4213-B6D4-0B1D50233837}.Release|Any CPU.Build.0 = Release|iPhone
		{0493EF5F-4FB8-4213-B6D4-0B1D50233837}.Release|Any CPU.Deploy.0 = Release|iPhone
		{0493EF5F-4FB8-4213-B6D4-0B1D50233837}.Release|ARM.ActiveCfg = Release|iPhone
		{0493EF5F-4FB8-4213-B6D4-0B1D50233837}.Release|ARM.Build.0 = Release|iPhone
		{0493EF5F-4FB8-4213-B6D4-0B1D50233837}.Release|ARM.Deploy.0 = Release|iPhone
		{0493EF5F-4FB8-4213-B6D4-0B1D50233837}.Release|iPhone.ActiveCfg = Release|iPhone
		{0493EF5F-4FB8-4213-B6D4-0B1D50233837}.Release|iPhone.Build.0 = Release|iPhone
		{0493EF5F-4FB8-4213-B6D4-0B1D50233837}.Release|iPhone.Deploy.0 = Release|iPhone
		{0493EF5F-4FB8-4213-B6D4-0B1D50233837}.Release|iPhoneSimulator.ActiveCfg = Release|iPhoneSimulator
		{0493EF5F-4FB8-4213-B6D4-0B1D50233837}.Release|iPhoneSimulator.Build.0 = Release|iPhoneSimulator
		{0493EF5F-4FB8-4213-B6D4-0B1D50233837}.Release|iPhoneSimulator.Deploy.0 = Release|iPhoneSimulator
		{0493EF5F-4FB8-4213-B6D4-0B1D50233837}.Release|x64.ActiveCfg = Release|iPhone
		{0493EF5F-4FB8-4213-B6D4-0B1D50233837}.Release|x64.Build.0 = Release|iPhone
		{0493EF5F-4FB8-4213-B6D4-0B1D50233837}.Release|x64.Deploy.0 = Release|iPhone
		{0493EF5F-4FB8-4213-B6D4-0B1D50233837}.Release|x86.ActiveCfg = Release|iPhone
		{0493EF5F-4FB8-4213-B6D4-0B1D50233837}.Release|x86.Build.0 = Release|iPhone
		{0493EF5F-4FB8-4213-B6D4-0B1D50233837}.Release|x86.Deploy.0 = Release|iPhone
		{0C2DA5B5-942B-4AE3-8E49-6FE881C548DE}.Debug|Any CPU.ActiveCfg = Debug|Any CPU
		{0C2DA5B5-942B-4AE3-8E49-6FE881C548DE}.Debug|Any CPU.Build.0 = Debug|Any CPU
		{0C2DA5B5-942B-4AE3-8E49-6FE881C548DE}.Debug|Any CPU.Deploy.0 = Debug|Any CPU
		{0C2DA5B5-942B-4AE3-8E49-6FE881C548DE}.Debug|ARM.ActiveCfg = Debug|Any CPU
		{0C2DA5B5-942B-4AE3-8E49-6FE881C548DE}.Debug|ARM.Build.0 = Debug|Any CPU
		{0C2DA5B5-942B-4AE3-8E49-6FE881C548DE}.Debug|ARM.Deploy.0 = Debug|Any CPU
		{0C2DA5B5-942B-4AE3-8E49-6FE881C548DE}.Debug|iPhone.ActiveCfg = Debug|Any CPU
		{0C2DA5B5-942B-4AE3-8E49-6FE881C548DE}.Debug|iPhone.Build.0 = Debug|Any CPU
		{0C2DA5B5-942B-4AE3-8E49-6FE881C548DE}.Debug|iPhone.Deploy.0 = Debug|Any CPU
		{0C2DA5B5-942B-4AE3-8E49-6FE881C548DE}.Debug|iPhoneSimulator.ActiveCfg = Debug|Any CPU
		{0C2DA5B5-942B-4AE3-8E49-6FE881C548DE}.Debug|iPhoneSimulator.Build.0 = Debug|Any CPU
		{0C2DA5B5-942B-4AE3-8E49-6FE881C548DE}.Debug|iPhoneSimulator.Deploy.0 = Debug|Any CPU
		{0C2DA5B5-942B-4AE3-8E49-6FE881C548DE}.Debug|x64.ActiveCfg = Debug|Any CPU
		{0C2DA5B5-942B-4AE3-8E49-6FE881C548DE}.Debug|x64.Build.0 = Debug|Any CPU
		{0C2DA5B5-942B-4AE3-8E49-6FE881C548DE}.Debug|x64.Deploy.0 = Debug|Any CPU
		{0C2DA5B5-942B-4AE3-8E49-6FE881C548DE}.Debug|x86.ActiveCfg = Debug|Any CPU
		{0C2DA5B5-942B-4AE3-8E49-6FE881C548DE}.Debug|x86.Build.0 = Debug|Any CPU
		{0C2DA5B5-942B-4AE3-8E49-6FE881C548DE}.Debug|x86.Deploy.0 = Debug|Any CPU
		{0C2DA5B5-942B-4AE3-8E49-6FE881C548DE}.Release|Any CPU.ActiveCfg = Release|Any CPU
		{0C2DA5B5-942B-4AE3-8E49-6FE881C548DE}.Release|Any CPU.Build.0 = Release|Any CPU
		{0C2DA5B5-942B-4AE3-8E49-6FE881C548DE}.Release|Any CPU.Deploy.0 = Release|Any CPU
		{0C2DA5B5-942B-4AE3-8E49-6FE881C548DE}.Release|ARM.ActiveCfg = Release|Any CPU
		{0C2DA5B5-942B-4AE3-8E49-6FE881C548DE}.Release|ARM.Build.0 = Release|Any CPU
		{0C2DA5B5-942B-4AE3-8E49-6FE881C548DE}.Release|ARM.Deploy.0 = Release|Any CPU
		{0C2DA5B5-942B-4AE3-8E49-6FE881C548DE}.Release|iPhone.ActiveCfg = Release|Any CPU
		{0C2DA5B5-942B-4AE3-8E49-6FE881C548DE}.Release|iPhone.Build.0 = Release|Any CPU
		{0C2DA5B5-942B-4AE3-8E49-6FE881C548DE}.Release|iPhone.Deploy.0 = Release|Any CPU
		{0C2DA5B5-942B-4AE3-8E49-6FE881C548DE}.Release|iPhoneSimulator.ActiveCfg = Release|Any CPU
		{0C2DA5B5-942B-4AE3-8E49-6FE881C548DE}.Release|iPhoneSimulator.Build.0 = Release|Any CPU
		{0C2DA5B5-942B-4AE3-8E49-6FE881C548DE}.Release|iPhoneSimulator.Deploy.0 = Release|Any CPU
		{0C2DA5B5-942B-4AE3-8E49-6FE881C548DE}.Release|x64.ActiveCfg = Release|Any CPU
		{0C2DA5B5-942B-4AE3-8E49-6FE881C548DE}.Release|x64.Build.0 = Release|Any CPU
		{0C2DA5B5-942B-4AE3-8E49-6FE881C548DE}.Release|x64.Deploy.0 = Release|Any CPU
		{0C2DA5B5-942B-4AE3-8E49-6FE881C548DE}.Release|x86.ActiveCfg = Release|Any CPU
		{0C2DA5B5-942B-4AE3-8E49-6FE881C548DE}.Release|x86.Build.0 = Release|Any CPU
		{0C2DA5B5-942B-4AE3-8E49-6FE881C548DE}.Release|x86.Deploy.0 = Release|Any CPU
	EndGlobalSection
	GlobalSection(SolutionProperties) = preSolution
		HideSolutionNode = FALSE
	EndGlobalSection
	GlobalSection(ExtensibilityGlobals) = postSolution
		SolutionGuid = {465AAD32-9FDD-424E-A547-FA768FB87851}
	EndGlobalSection
EndGlobal
